Microsoft Visual Studio Solution File, Format Version 11.00
# Visual Studio 2008

Project("{FC516FFB-696E-8A67-E51F-609C0100DD64}") = "Eeveelution 2048", "Assembly-CSharp.csproj", "{198B2493-E469-9F8C-943D-3CAAB2D00623}"
EndProject
Project("{FC516FFB-696E-8A67-E51F-609C0100DD64}") = "Eeveelution 2048", "Assembly-CSharp-Editor.csproj", "{2B5858F2-3128-AC74-EDC9-87A97FAA9F14}"
EndProject
Global
	GlobalSection(SolutionConfigurationPlatforms) = preSolution
		Debug|Any CPU = Debug|Any CPU
		Release|Any CPU = Release|Any CPU
	EndGlobalSection
	GlobalSection(ProjectConfigurationPlatforms) = postSolution
		{198B2493-E469-9F8C-943D-3CAAB2D00623}.Debug|Any CPU.ActiveCfg = Debug|Any CPU
		{198B2493-E469-9F8C-943D-3CAAB2D00623}.Debug|Any CPU.Build.0 = Debug|Any CPU
		{198B2493-E469-9F8C-943D-3CAAB2D00623}.Release|Any CPU.ActiveCfg = Release|Any CPU
		{198B2493-E469-9F8C-943D-3CAAB2D00623}.Release|Any CPU.Build.0 = Release|Any CPU
		{2B5858F2-3128-AC74-EDC9-87A97FAA9F14}.Debug|Any CPU.ActiveCfg = Debug|Any CPU
		{2B5858F2-3128-AC74-EDC9-87A97FAA9F14}.Debug|Any CPU.Build.0 = Debug|Any CPU
		{2B5858F2-3128-AC74-EDC9-87A97FAA9F14}.Release|Any CPU.ActiveCfg = Release|Any CPU
		{2B5858F2-3128-AC74-EDC9-87A97FAA9F14}.Release|Any CPU.Build.0 = Release|Any CPU
	EndGlobalSection
	GlobalSection(SolutionProperties) = preSolution
		HideSolutionNode = FALSE
	EndGlobalSection
	GlobalSection(MonoDevelopProperties) = preSolution
		StartupItem = Assembly-CSharp.csproj
	EndGlobalSection
EndGlobal
